{
  "name": "codespaces-node-scan",
  "version": "1.0.0",
  "lockfileVersion": 2,
  "requires": true,
  "packages": {
    "": {
      "name": "codespaces-node-scan",
      "version": "1.0.0",
      "license": "ISC",
      "dependencies": {
        "evilscan": "^1.9.1"
      }
    },
    "node_modules/async": {
      "version": "3.2.3",
      "resolved": "https://registry.npmjs.org/async/-/async-3.2.3.tgz",
      "integrity": "sha512-spZRyzKL5l5BZQrr/6m/SqFdBN0q3OCI0f9rjfBzCMBIP4p75P620rR3gTmaksNOhmzgdxcaxdNfMy6anrbM0g=="
    },
    "node_modules/evilscan": {
      "version": "1.9.1",
      "resolved": "https://registry.npmjs.org/evilscan/-/evilscan-1.9.1.tgz",
      "integrity": "sha512-d4izbRgZdmdQxRrqM78qu3thLRQkmDtdHj5YPlnnISn+wiNy8hDakWtxcc229mU0H06/e0Y8OMQ3ZPLtOoACYw==",
      "dependencies": {
        "async": "3.2.3",
        "minimist": "1.2.6",
        "qjobs": "1.2.0"
      },
      "bin": {
        "evilscan": "bin/evilscan.js"
      }
    },
    "node_modules/minimist": {
      "version": "1.2.6",
      "resolved": "https://registry.npmjs.org/minimist/-/minimist-1.2.6.tgz",
      "integrity": "sha512-Jsjnk4bw3YJqYzbdyBiNsPWHPfO++UGG749Cxs6peCu5Xg4nrena6OVxOYxrQTqww0Jmwt+Ref8rggumkTLz9Q=="
    },
    "node_modules/qjobs": {
      "version": "1.2.0",
      "resolved": "https://registry.npmjs.org/qjobs/-/qjobs-1.2.0.tgz",
      "integrity": "sha512-8YOJEHtxpySA3fFDyCRxA+UUV+fA+rTWnuWvylOK/NCjhY+b4ocCtmu8TtsWb+mYeU+GCHf/S66KZF/AsteKHg==",
      "engines": {
        "node": ">=0.9"
      }
    }
  },
  "dependencies": {
    "async": {
      "version": "3.2.3",
      "resolved": "https://registry.npmjs.org/async/-/async-3.2.3.tgz",
      "integrity": "sha512-spZRyzKL5l5BZQrr/6m/SqFdBN0q3OCI0f9rjfBzCMBIP4p75P620rR3gTmaksNOhmzgdxcaxdNfMy6anrbM0g=="
    },
    "evilscan": {
      "version": "1.9.1",
      "resolved": "https://registry.npmjs.org/evilscan/-/evilscan-1.9.1.tgz",
      "integrity": "sha512-d4izbRgZdmdQxRrqM78qu3thLRQkmDtdHj5YPlnnISn+wiNy8hDakWtxcc229mU0H06/e0Y8OMQ3ZPLtOoACYw==",
      "requires": {
        "async": "3.2.3",
        "minimist": "1.2.6",
        "qjobs": "1.2.0"
      }
    },
    "minimist": {
      "version": "1.2.6",
      "resolved": "https://registry.npmjs.org/minimist/-/minimist-1.2.6.tgz",
      "integrity": "sha512-Jsjnk4bw3YJqYzbdyBiNsPWHPfO++UGG749Cxs6peCu5Xg4nrena6OVxOYxrQTqww0Jmwt+Ref8rggumkTLz9Q=="
    },
    "qjobs": {
      "version": "1.2.0",
      "resolved": "https://registry.npmjs.org/qjobs/-/qjobs-1.2.0.tgz",
      "integrity": "sha512-8YOJEHtxpySA3fFDyCRxA+UUV+fA+rTWnuWvylOK/NCjhY+b4ocCtmu8TtsWb+mYeU+GCHf/S66KZF/AsteKHg=="
    }
  }
}
